
Microsoft Visual Studio Solution File, Format Version 12.00
# Visual Studio 15
VisualStudioVersion = 15.0.26228.9
MinimumVisualStudioVersion = 10.0.40219.1
Project("{FAE04EC0-301F-11D3-BF4B-00C04F79EFBC}") = "ConsoleAppFullFramework", "ConsoleAppFullFramework\ConsoleAppFullFramework.csproj", "{ABC45571-B104-4372-8812-930932EF9BF2}"
EndProject
Global
	GlobalSection(SolutionConfigurationPlatforms) = preSolution
		Debug|Any CPU = Debug|Any CPU
		Release|Any CPU = Release|Any CPU
	EndGlobalSection
	GlobalSection(ProjectConfigurationPlatforms) = postSolution
		{ABC45571-B104-4372-8812-930932EF9BF2}.Debug|Any CPU.ActiveCfg = Debug|Any CPU
		{ABC45571-B104-4372-8812-930932EF9BF2}.Debug|Any CPU.Build.0 = Debug|Any CPU
		{ABC45571-B104-4372-8812-930932EF9BF2}.Release|Any CPU.ActiveCfg = Release|Any CPU
		{ABC45571-B104-4372-8812-930932EF9BF2}.Release|Any CPU.Build.0 = Release|Any CPU
	EndGlobalSection
	GlobalSection(SolutionProperties) = preSolution
		HideSolutionNode = FALSE
	EndGlobalSection
EndGlobal
